
Microsoft Visual Studio Solution File, Format Version 12.00
# Visual Studio Version 17
VisualStudioVersion = 17.9.34728.123
MinimumVisualStudioVersion = 10.0.40219.1
Project("{FAE04EC0-301F-11D3-BF4B-00C04F79EFBC}") = "MercDevs_ej2", "MercDevs_ej2\MercDevs_ej2.csproj", "{CD3F8B83-F583-42C9-8F0B-E39CD8378A12}"
EndProject
Global
	GlobalSection(SolutionConfigurationPlatforms) = preSolution
		Debug|Any CPU = Debug|Any CPU
		Release|Any CPU = Release|Any CPU
	EndGlobalSection
	GlobalSection(ProjectConfigurationPlatforms) = postSolution
		{CD3F8B83-F583-42C9-8F0B-E39CD8378A12}.Debug|Any CPU.ActiveCfg = Debug|Any CPU
		{CD3F8B83-F583-42C9-8F0B-E39CD8378A12}.Debug|Any CPU.Build.0 = Debug|Any CPU
		{CD3F8B83-F583-42C9-8F0B-E39CD8378A12}.Release|Any CPU.ActiveCfg = Release|Any CPU
		{CD3F8B83-F583-42C9-8F0B-E39CD8378A12}.Release|Any CPU.Build.0 = Release|Any CPU
	EndGlobalSection
	GlobalSection(SolutionProperties) = preSolution
		HideSolutionNode = FALSE
	EndGlobalSection
	GlobalSection(ExtensibilityGlobals) = postSolution
		SolutionGuid = {7D854880-6A9E-4AF9-AE12-41E0C094CA84}
	EndGlobalSection
EndGlobal
