
Microsoft Visual Studio Solution File, Format Version 12.00
# Visual Studio Version 17
VisualStudioVersion = 17.5.002.0
MinimumVisualStudioVersion = 10.0.40219.1
Project("{9A19103F-16F7-4668-BE54-9A1E7A4F7556}") = "MercDevs_ej2", "MercDevs_ej2.csproj", "{F8086783-F4BF-462C-B96D-243F8DC1CBC2}"
EndProject
Global
	GlobalSection(SolutionConfigurationPlatforms) = preSolution
		Debug|Any CPU = Debug|Any CPU
		Release|Any CPU = Release|Any CPU
	EndGlobalSection
	GlobalSection(ProjectConfigurationPlatforms) = postSolution
		{F8086783-F4BF-462C-B96D-243F8DC1CBC2}.Debug|Any CPU.ActiveCfg = Debug|Any CPU
		{F8086783-F4BF-462C-B96D-243F8DC1CBC2}.Debug|Any CPU.Build.0 = Debug|Any CPU
		{F8086783-F4BF-462C-B96D-243F8DC1CBC2}.Release|Any CPU.ActiveCfg = Release|Any CPU
		{F8086783-F4BF-462C-B96D-243F8DC1CBC2}.Release|Any CPU.Build.0 = Release|Any CPU
	EndGlobalSection
	GlobalSection(SolutionProperties) = preSolution
		HideSolutionNode = FALSE
	EndGlobalSection
	GlobalSection(ExtensibilityGlobals) = postSolution
		SolutionGuid = {EFDD3479-AA5B-4342-8E1E-14AD987EC0E0}
	EndGlobalSection
EndGlobal
